// !$*UTF8*$!
{
	archiveVersion = 1;
	classes = {
	};
	objectVersion = 56;
	objects = {

/* Begin PBXBuildFile section */
		A37C72D42C73575800F3B214 /* PokemonApp.swift in Sources */ = {isa = PBXBuildFile; fileRef = A37C72D32C73575800F3B214 /* PokemonApp.swift */; };
		A37C72D82C73575900F3B214 /* Assets.xcassets in Resources */ = {isa = PBXBuildFile; fileRef = A37C72D72C73575900F3B214 /* Assets.xcassets */; };
		A37C72DB2C73575900F3B214 /* Preview Assets.xcassets in Resources */ = {isa = PBXBuildFile; fileRef = A37C72DA2C73575900F3B214 /* Preview Assets.xcassets */; };
		A37C72E52C73575900F3B214 /* PokemonTests.swift in Sources */ = {isa = PBXBuildFile; fileRef = A37C72E42C73575900F3B214 /* PokemonTests.swift */; };
		A37C72EF2C73575900F3B214 /* PokemonUITests.swift in Sources */ = {isa = PBXBuildFile; fileRef = A37C72EE2C73575900F3B214 /* PokemonUITests.swift */; };
		A37C72F12C73575900F3B214 /* PokemonUITestsLaunchTests.swift in Sources */ = {isa = PBXBuildFile; fileRef = A37C72F02C73575900F3B214 /* PokemonUITestsLaunchTests.swift */; };
		A37C73062C735EFD00F3B214 /* PokemonListView.swift in Sources */ = {isa = PBXBuildFile; fileRef = A37C73052C735EFD00F3B214 /* PokemonListView.swift */; };
		A37C73082C73636200F3B214 /* PokemonListViewModel.swift in Sources */ = {isa = PBXBuildFile; fileRef = A37C73072C73636200F3B214 /* PokemonListViewModel.swift */; };
		A37C730A2C736B0D00F3B214 /* Requests.swift in Sources */ = {isa = PBXBuildFile; fileRef = A37C73092C736B0D00F3B214 /* Requests.swift */; };
		A37C730C2C73817B00F3B214 /* PokemonListingService.swift in Sources */ = {isa = PBXBuildFile; fileRef = A37C730B2C73817B00F3B214 /* PokemonListingService.swift */; };
		A37C730E2C7381A700F3B214 /* PokemonResponse.swift in Sources */ = {isa = PBXBuildFile; fileRef = A37C730D2C7381A700F3B214 /* PokemonResponse.swift */; };
		A37C73102C7381C200F3B214 /* Pokemon.swift in Sources */ = {isa = PBXBuildFile; fileRef = A37C730F2C7381C200F3B214 /* Pokemon.swift */; };
		A37C73142C7390FD00F3B214 /* PokemonRow.swift in Sources */ = {isa = PBXBuildFile; fileRef = A37C73132C7390FD00F3B214 /* PokemonRow.swift */; };
		A37C73162C73A14E00F3B214 /* SearchBar.swift in Sources */ = {isa = PBXBuildFile; fileRef = A37C73152C73A14E00F3B214 /* SearchBar.swift */; };
		A37C73182C73A26900F3B214 /* PokemonDetailView.swift in Sources */ = {isa = PBXBuildFile; fileRef = A37C73172C73A26900F3B214 /* PokemonDetailView.swift */; };
		A37C731A2C73AE0B00F3B214 /* PokemonDetailViewModel.swift in Sources */ = {isa = PBXBuildFile; fileRef = A37C73192C73AE0B00F3B214 /* PokemonDetailViewModel.swift */; };
		A37C731C2C73AE2500F3B214 /* PokemonDetailService.swift in Sources */ = {isa = PBXBuildFile; fileRef = A37C731B2C73AE2500F3B214 /* PokemonDetailService.swift */; };
		A37C731E2C73AFAD00F3B214 /* PokemonDetails.swift in Sources */ = {isa = PBXBuildFile; fileRef = A37C731D2C73AFAD00F3B214 /* PokemonDetails.swift */; };
		A37C73262C73D7D300F3B214 /* PokemonStatsView.swift in Sources */ = {isa = PBXBuildFile; fileRef = A37C73252C73D7D300F3B214 /* PokemonStatsView.swift */; };
		A37C73282C73D7F500F3B214 /* PokemonTypesView.swift in Sources */ = {isa = PBXBuildFile; fileRef = A37C73272C73D7F500F3B214 /* PokemonTypesView.swift */; };
		A37C73342C73E2AF00F3B214 /* PokemonSprites.swift in Sources */ = {isa = PBXBuildFile; fileRef = A37C73332C73E2AF00F3B214 /* PokemonSprites.swift */; };
		A37C73362C73E2C600F3B214 /* PokemonStat.swift in Sources */ = {isa = PBXBuildFile; fileRef = A37C73352C73E2C600F3B214 /* PokemonStat.swift */; };
		A37C73382C73E2D800F3B214 /* PokemonType.swift in Sources */ = {isa = PBXBuildFile; fileRef = A37C73372C73E2D800F3B214 /* PokemonType.swift */; };
		A37C733C2C73E48D00F3B214 /* NetworkService in Frameworks */ = {isa = PBXBuildFile; productRef = A37C733B2C73E48D00F3B214 /* NetworkService */; };
/* End PBXBuildFile section */

/* Begin PBXContainerItemProxy section */
		A37C72E12C73575900F3B214 /* PBXContainerItemProxy */ = {
			isa = PBXContainerItemProxy;
			containerPortal = A37C72C82C73575800F3B214 /* Project object */;
			proxyType = 1;
			remoteGlobalIDString = A37C72CF2C73575800F3B214;
			remoteInfo = Pokemon;
		};
		A37C72EB2C73575900F3B214 /* PBXContainerItemProxy */ = {
			isa = PBXContainerItemProxy;
			containerPortal = A37C72C82C73575800F3B214 /* Project object */;
			proxyType = 1;
			remoteGlobalIDString = A37C72CF2C73575800F3B214;
			remoteInfo = Pokemon;
		};
/* End PBXContainerItemProxy section */

/* Begin PBXFileReference section */
		A37C72D02C73575800F3B214 /* Pokemon.app */ = {isa = PBXFileReference; explicitFileType = wrapper.application; includeInIndex = 0; path = Pokemon.app; sourceTree = BUILT_PRODUCTS_DIR; };
		A37C72D32C73575800F3B214 /* PokemonApp.swift */ = {isa = PBXFileReference; lastKnownFileType = sourcecode.swift; path = PokemonApp.swift; sourceTree = "<group>"; };
		A37C72D72C73575900F3B214 /* Assets.xcassets */ = {isa = PBXFileReference; lastKnownFileType = folder.assetcatalog; path = Assets.xcassets; sourceTree = "<group>"; };
		A37C72DA2C73575900F3B214 /* Preview Assets.xcassets */ = {isa = PBXFileReference; lastKnownFileType = folder.assetcatalog; path = "Preview Assets.xcassets"; sourceTree = "<group>"; };
		A37C72E02C73575900F3B214 /* PokemonTests.xctest */ = {isa = PBXFileReference; explicitFileType = wrapper.cfbundle; includeInIndex = 0; path = PokemonTests.xctest; sourceTree = BUILT_PRODUCTS_DIR; };
		A37C72E42C73575900F3B214 /* PokemonTests.swift */ = {isa = PBXFileReference; lastKnownFileType = sourcecode.swift; path = PokemonTests.swift; sourceTree = "<group>"; };
		A37C72EA2C73575900F3B214 /* PokemonUITests.xctest */ = {isa = PBXFileReference; explicitFileType = wrapper.cfbundle; includeInIndex = 0; path = PokemonUITests.xctest; sourceTree = BUILT_PRODUCTS_DIR; };
		A37C72EE2C73575900F3B214 /* PokemonUITests.swift */ = {isa = PBXFileReference; lastKnownFileType = sourcecode.swift; path = PokemonUITests.swift; sourceTree = "<group>"; };
		A37C72F02C73575900F3B214 /* PokemonUITestsLaunchTests.swift */ = {isa = PBXFileReference; lastKnownFileType = sourcecode.swift; path = PokemonUITestsLaunchTests.swift; sourceTree = "<group>"; };
		A37C73052C735EFD00F3B214 /* PokemonListView.swift */ = {isa = PBXFileReference; lastKnownFileType = sourcecode.swift; path = PokemonListView.swift; sourceTree = "<group>"; };
		A37C73072C73636200F3B214 /* PokemonListViewModel.swift */ = {isa = PBXFileReference; lastKnownFileType = sourcecode.swift; path = PokemonListViewModel.swift; sourceTree = "<group>"; };
		A37C73092C736B0D00F3B214 /* Requests.swift */ = {isa = PBXFileReference; lastKnownFileType = sourcecode.swift; path = Requests.swift; sourceTree = "<group>"; };
		A37C730B2C73817B00F3B214 /* PokemonListingService.swift */ = {isa = PBXFileReference; lastKnownFileType = sourcecode.swift; path = PokemonListingService.swift; sourceTree = "<group>"; };
		A37C730D2C7381A700F3B214 /* PokemonResponse.swift */ = {isa = PBXFileReference; lastKnownFileType = sourcecode.swift; path = PokemonResponse.swift; sourceTree = "<group>"; };
		A37C730F2C7381C200F3B214 /* Pokemon.swift */ = {isa = PBXFileReference; lastKnownFileType = sourcecode.swift; path = Pokemon.swift; sourceTree = "<group>"; };
		A37C73132C7390FD00F3B214 /* PokemonRow.swift */ = {isa = PBXFileReference; lastKnownFileType = sourcecode.swift; path = PokemonRow.swift; sourceTree = "<group>"; };
		A37C73152C73A14E00F3B214 /* SearchBar.swift */ = {isa = PBXFileReference; lastKnownFileType = sourcecode.swift; path = SearchBar.swift; sourceTree = "<group>"; };
		A37C73172C73A26900F3B214 /* PokemonDetailView.swift */ = {isa = PBXFileReference; lastKnownFileType = sourcecode.swift; path = PokemonDetailView.swift; sourceTree = "<group>"; };
		A37C73192C73AE0B00F3B214 /* PokemonDetailViewModel.swift */ = {isa = PBXFileReference; lastKnownFileType = sourcecode.swift; path = PokemonDetailViewModel.swift; sourceTree = "<group>"; };
		A37C731B2C73AE2500F3B214 /* PokemonDetailService.swift */ = {isa = PBXFileReference; lastKnownFileType = sourcecode.swift; path = PokemonDetailService.swift; sourceTree = "<group>"; };
		A37C731D2C73AFAD00F3B214 /* PokemonDetails.swift */ = {isa = PBXFileReference; lastKnownFileType = sourcecode.swift; path = PokemonDetails.swift; sourceTree = "<group>"; };
		A37C73252C73D7D300F3B214 /* PokemonStatsView.swift */ = {isa = PBXFileReference; lastKnownFileType = sourcecode.swift; path = PokemonStatsView.swift; sourceTree = "<group>"; };
		A37C73272C73D7F500F3B214 /* PokemonTypesView.swift */ = {isa = PBXFileReference; lastKnownFileType = sourcecode.swift; path = PokemonTypesView.swift; sourceTree = "<group>"; };
		A37C73332C73E2AF00F3B214 /* PokemonSprites.swift */ = {isa = PBXFileReference; lastKnownFileType = sourcecode.swift; path = PokemonSprites.swift; sourceTree = "<group>"; };
		A37C73352C73E2C600F3B214 /* PokemonStat.swift */ = {isa = PBXFileReference; lastKnownFileType = sourcecode.swift; path = PokemonStat.swift; sourceTree = "<group>"; };
		A37C73372C73E2D800F3B214 /* PokemonType.swift */ = {isa = PBXFileReference; lastKnownFileType = sourcecode.swift; path = PokemonType.swift; sourceTree = "<group>"; };
		A37C73392C73E46600F3B214 /* NetworkService */ = {isa = PBXFileReference; lastKnownFileType = wrapper; name = NetworkService; path = Pokemon/NetworkService; sourceTree = "<group>"; };
/* End PBXFileReference section */

/* Begin PBXFrameworksBuildPhase section */
		A37C72CD2C73575800F3B214 /* Frameworks */ = {
			isa = PBXFrameworksBuildPhase;
			buildActionMask = 2147483647;
			files = (
				A37C733C2C73E48D00F3B214 /* NetworkService in Frameworks */,
			);
			runOnlyForDeploymentPostprocessing = 0;
		};
		A37C72DD2C73575900F3B214 /* Frameworks */ = {
			isa = PBXFrameworksBuildPhase;
			buildActionMask = 2147483647;
			files = (
			);
			runOnlyForDeploymentPostprocessing = 0;
		};
		A37C72E72C73575900F3B214 /* Frameworks */ = {
			isa = PBXFrameworksBuildPhase;
			buildActionMask = 2147483647;
			files = (
			);
			runOnlyForDeploymentPostprocessing = 0;
		};
/* End PBXFrameworksBuildPhase section */

/* Begin PBXGroup section */
		A37C72C72C73575800F3B214 = {
			isa = PBXGroup;
			children = (
				A37C73392C73E46600F3B214 /* NetworkService */,
				A37C72D22C73575800F3B214 /* Pokemon */,
				A37C72E32C73575900F3B214 /* PokemonTests */,
				A37C72ED2C73575900F3B214 /* PokemonUITests */,
				A37C72D12C73575800F3B214 /* Products */,
				A37C733A2C73E48D00F3B214 /* Frameworks */,
			);
			sourceTree = "<group>";
		};
		A37C72D12C73575800F3B214 /* Products */ = {
			isa = PBXGroup;
			children = (
				A37C72D02C73575800F3B214 /* Pokemon.app */,
				A37C72E02C73575900F3B214 /* PokemonTests.xctest */,
				A37C72EA2C73575900F3B214 /* PokemonUITests.xctest */,
			);
			name = Products;
			sourceTree = "<group>";
		};
		A37C72D22C73575800F3B214 /* Pokemon */ = {
			isa = PBXGroup;
			children = (
				A37C72D32C73575800F3B214 /* PokemonApp.swift */,
				A37C73292C73E19100F3B214 /* ListView */,
				A37C732A2C73E20E00F3B214 /* DetailView */,
				A37C73092C736B0D00F3B214 /* Requests.swift */,
				A37C72D72C73575900F3B214 /* Assets.xcassets */,
				A37C72D92C73575900F3B214 /* Preview Content */,
			);
			path = Pokemon;
			sourceTree = "<group>";
		};
		A37C72D92C73575900F3B214 /* Preview Content */ = {
			isa = PBXGroup;
			children = (
				A37C72DA2C73575900F3B214 /* Preview Assets.xcassets */,
			);
			path = "Preview Content";
			sourceTree = "<group>";
		};
		A37C72E32C73575900F3B214 /* PokemonTests */ = {
			isa = PBXGroup;
			children = (
				A37C72E42C73575900F3B214 /* PokemonTests.swift */,
			);
			path = PokemonTests;
			sourceTree = "<group>";
		};
		A37C72ED2C73575900F3B214 /* PokemonUITests */ = {
			isa = PBXGroup;
			children = (
				A37C72EE2C73575900F3B214 /* PokemonUITests.swift */,
				A37C72F02C73575900F3B214 /* PokemonUITestsLaunchTests.swift */,
			);
			path = PokemonUITests;
			sourceTree = "<group>";
		};
		A37C73292C73E19100F3B214 /* ListView */ = {
			isa = PBXGroup;
			children = (
				A37C732C2C73E23E00F3B214 /* Models */,
				A37C732B2C73E22B00F3B214 /* Views */,
				A37C732E2C73E25900F3B214 /* ViewModel */,
				A37C732D2C73E24D00F3B214 /* Service */,
			);
			path = ListView;
			sourceTree = "<group>";
		};
		A37C732A2C73E20E00F3B214 /* DetailView */ = {
			isa = PBXGroup;
			children = (
				A37C73322C73E29300F3B214 /* Models */,
				A37C73312C73E28E00F3B214 /* Views */,
				A37C73302C73E28600F3B214 /* ViewModel */,
				A37C732F2C73E28000F3B214 /* Service */,
			);
			path = DetailView;
			sourceTree = "<group>";
		};
		A37C732B2C73E22B00F3B214 /* Views */ = {
			isa = PBXGroup;
			children = (
				A37C73052C735EFD00F3B214 /* PokemonListView.swift */,
				A37C73132C7390FD00F3B214 /* PokemonRow.swift */,
				A37C73152C73A14E00F3B214 /* SearchBar.swift */,
			);
			path = Views;
			sourceTree = "<group>";
		};
		A37C732C2C73E23E00F3B214 /* Models */ = {
			isa = PBXGroup;
			children = (
				A37C730D2C7381A700F3B214 /* PokemonResponse.swift */,
				A37C730F2C7381C200F3B214 /* Pokemon.swift */,
			);
			path = Models;
			sourceTree = "<group>";
		};
		A37C732D2C73E24D00F3B214 /* Service */ = {
			isa = PBXGroup;
			children = (
				A37C730B2C73817B00F3B214 /* PokemonListingService.swift */,
			);
			path = Service;
			sourceTree = "<group>";
		};
		A37C732E2C73E25900F3B214 /* ViewModel */ = {
			isa = PBXGroup;
			children = (
				A37C73072C73636200F3B214 /* PokemonListViewModel.swift */,
			);
			path = ViewModel;
			sourceTree = "<group>";
		};
		A37C732F2C73E28000F3B214 /* Service */ = {
			isa = PBXGroup;
			children = (
				A37C731B2C73AE2500F3B214 /* PokemonDetailService.swift */,
			);
			path = Service;
			sourceTree = "<group>";
		};
		A37C73302C73E28600F3B214 /* ViewModel */ = {
			isa = PBXGroup;
			children = (
				A37C73192C73AE0B00F3B214 /* PokemonDetailViewModel.swift */,
			);
			path = ViewModel;
			sourceTree = "<group>";
		};
		A37C73312C73E28E00F3B214 /* Views */ = {
			isa = PBXGroup;
			children = (
				A37C73172C73A26900F3B214 /* PokemonDetailView.swift */,
				A37C73252C73D7D300F3B214 /* PokemonStatsView.swift */,
				A37C73272C73D7F500F3B214 /* PokemonTypesView.swift */,
			);
			path = Views;
			sourceTree = "<group>";
		};
		A37C73322C73E29300F3B214 /* Models */ = {
			isa = PBXGroup;
			children = (
				A37C731D2C73AFAD00F3B214 /* PokemonDetails.swift */,
				A37C73332C73E2AF00F3B214 /* PokemonSprites.swift */,
				A37C73372C73E2D800F3B214 /* PokemonType.swift */,
				A37C73352C73E2C600F3B214 /* PokemonStat.swift */,
			);
			path = Models;
			sourceTree = "<group>";
		};
		A37C733A2C73E48D00F3B214 /* Frameworks */ = {
			isa = PBXGroup;
			children = (
			);
			name = Frameworks;
			sourceTree = "<group>";
		};
/* End PBXGroup section */

/* Begin PBXNativeTarget section */
		A37C72CF2C73575800F3B214 /* Pokemon */ = {
			isa = PBXNativeTarget;
			buildConfigurationList = A37C72F42C73575900F3B214 /* Build configuration list for PBXNativeTarget "Pokemon" */;
			buildPhases = (
				A37C72CC2C73575800F3B214 /* Sources */,
				A37C72CD2C73575800F3B214 /* Frameworks */,
				A37C72CE2C73575800F3B214 /* Resources */,
			);
			buildRules = (
			);
			dependencies = (
			);
			name = Pokemon;
			packageProductDependencies = (
				A37C733B2C73E48D00F3B214 /* NetworkService */,
			);
			productName = Pokemon;
			productReference = A37C72D02C73575800F3B214 /* Pokemon.app */;
			productType = "com.apple.product-type.application";
		};
		A37C72DF2C73575900F3B214 /* PokemonTests */ = {
			isa = PBXNativeTarget;
			buildConfigurationList = A37C72F72C73575900F3B214 /* Build configuration list for PBXNativeTarget "PokemonTests" */;
			buildPhases = (
				A37C72DC2C73575900F3B214 /* Sources */,
				A37C72DD2C73575900F3B214 /* Frameworks */,
				A37C72DE2C73575900F3B214 /* Resources */,
			);
			buildRules = (
			);
			dependencies = (
				A37C72E22C73575900F3B214 /* PBXTargetDependency */,
			);
			name = PokemonTests;
			productName = PokemonTests;
			productReference = A37C72E02C73575900F3B214 /* PokemonTests.xctest */;
			productType = "com.apple.product-type.bundle.unit-test";
		};
		A37C72E92C73575900F3B214 /* PokemonUITests */ = {
			isa = PBXNativeTarget;
			buildConfigurationList = A37C72FA2C73575900F3B214 /* Build configuration list for PBXNativeTarget "PokemonUITests" */;
			buildPhases = (
				A37C72E62C73575900F3B214 /* Sources */,
				A37C72E72C73575900F3B214 /* Frameworks */,
				A37C72E82C73575900F3B214 /* Resources */,
			);
			buildRules = (
			);
			dependencies = (
				A37C72EC2C73575900F3B214 /* PBXTargetDependency */,
			);
			name = PokemonUITests;
			productName = PokemonUITests;
			productReference = A37C72EA2C73575900F3B214 /* PokemonUITests.xctest */;
			productType = "com.apple.product-type.bundle.ui-testing";
		};
/* End PBXNativeTarget section */

/* Begin PBXProject section */
		A37C72C82C73575800F3B214 /* Project object */ = {
			isa = PBXProject;
			attributes = {
				BuildIndependentTargetsInParallel = 1;
				LastSwiftUpdateCheck = 1530;
				LastUpgradeCheck = 1530;
				TargetAttributes = {
					A37C72CF2C73575800F3B214 = {
						CreatedOnToolsVersion = 15.3;
					};
					A37C72DF2C73575900F3B214 = {
						CreatedOnToolsVersion = 15.3;
						TestTargetID = A37C72CF2C73575800F3B214;
					};
					A37C72E92C73575900F3B214 = {
						CreatedOnToolsVersion = 15.3;
						TestTargetID = A37C72CF2C73575800F3B214;
					};
				};
			};
			buildConfigurationList = A37C72CB2C73575800F3B214 /* Build configuration list for PBXProject "Pokemon" */;
			compatibilityVersion = "Xcode 14.0";
			developmentRegion = en;
			hasScannedForEncodings = 0;
			knownRegions = (
				en,
				Base,
			);
			mainGroup = A37C72C72C73575800F3B214;
			productRefGroup = A37C72D12C73575800F3B214 /* Products */;
			projectDirPath = "";
			projectRoot = "";
			targets = (
				A37C72CF2C73575800F3B214 /* Pokemon */,
				A37C72DF2C73575900F3B214 /* PokemonTests */,
				A37C72E92C73575900F3B214 /* PokemonUITests */,
			);
		};
/* End PBXProject section */

/* Begin PBXResourcesBuildPhase section */
		A37C72CE2C73575800F3B214 /* Resources */ = {
			isa = PBXResourcesBuildPhase;
			buildActionMask = 2147483647;
			files = (
				A37C72DB2C73575900F3B214 /* Preview Assets.xcassets in Resources */,
				A37C72D82C73575900F3B214 /* Assets.xcassets in Resources */,
			);
			runOnlyForDeploymentPostprocessing = 0;
		};
		A37C72DE2C73575900F3B214 /* Resources */ = {
			isa = PBXResourcesBuildPhase;
			buildActionMask = 2147483647;
			files = (
			);
			runOnlyForDeploymentPostprocessing = 0;
		};
		A37C72E82C73575900F3B214 /* Resources */ = {
			isa = PBXResourcesBuildPhase;
			buildActionMask = 2147483647;
			files = (
			);
			runOnlyForDeploymentPostprocessing = 0;
		};
/* End PBXResourcesBuildPhase section */

/* Begin PBXSourcesBuildPhase section */
		A37C72CC2C73575800F3B214 /* Sources */ = {
			isa = PBXSourcesBuildPhase;
			buildActionMask = 2147483647;
			files = (
				A37C73262C73D7D300F3B214 /* PokemonStatsView.swift in Sources */,
				A37C73162C73A14E00F3B214 /* SearchBar.swift in Sources */,
				A37C731C2C73AE2500F3B214 /* PokemonDetailService.swift in Sources */,
				A37C731E2C73AFAD00F3B214 /* PokemonDetails.swift in Sources */,
				A37C73362C73E2C600F3B214 /* PokemonStat.swift in Sources */,
				A37C73382C73E2D800F3B214 /* PokemonType.swift in Sources */,
				A37C73182C73A26900F3B214 /* PokemonDetailView.swift in Sources */,
				A37C73282C73D7F500F3B214 /* PokemonTypesView.swift in Sources */,
				A37C73082C73636200F3B214 /* PokemonListViewModel.swift in Sources */,
				A37C730A2C736B0D00F3B214 /* Requests.swift in Sources */,
				A37C731A2C73AE0B00F3B214 /* PokemonDetailViewModel.swift in Sources */,
				A37C73102C7381C200F3B214 /* Pokemon.swift in Sources */,
				A37C73342C73E2AF00F3B214 /* PokemonSprites.swift in Sources */,
				A37C730C2C73817B00F3B214 /* PokemonListingService.swift in Sources */,
				A37C73142C7390FD00F3B214 /* PokemonRow.swift in Sources */,
				A37C73062C735EFD00F3B214 /* PokemonListView.swift in Sources */,
				A37C730E2C7381A700F3B214 /* PokemonResponse.swift in Sources */,
				A37C72D42C73575800F3B214 /* PokemonApp.swift in Sources */,
			);
			runOnlyForDeploymentPostprocessing = 0;
		};
		A37C72DC2C73575900F3B214 /* Sources */ = {
			isa = PBXSourcesBuildPhase;
			buildActionMask = 2147483647;
			files = (
				A37C72E52C73575900F3B214 /* PokemonTests.swift in Sources */,
			);
			runOnlyForDeploymentPostprocessing = 0;
		};
		A37C72E62C73575900F3B214 /* Sources */ = {
			isa = PBXSourcesBuildPhase;
			buildActionMask = 2147483647;
			files = (
				A37C72F12C73575900F3B214 /* PokemonUITestsLaunchTests.swift in Sources */,
				A37C72EF2C73575900F3B214 /* PokemonUITests.swift in Sources */,
			);
			runOnlyForDeploymentPostprocessing = 0;
		};
/* End PBXSourcesBuildPhase section */

/* Begin PBXTargetDependency section */
		A37C72E22C73575900F3B214 /* PBXTargetDependency */ = {
			isa = PBXTargetDependency;
			target = A37C72CF2C73575800F3B214 /* Pokemon */;
			targetProxy = A37C72E12C73575900F3B214 /* PBXContainerItemProxy */;
		};
		A37C72EC2C73575900F3B214 /* PBXTargetDependency */ = {
			isa = PBXTargetDependency;
			target = A37C72CF2C73575800F3B214 /* Pokemon */;
			targetProxy = A37C72EB2C73575900F3B214 /* PBXContainerItemProxy */;
		};
/* End PBXTargetDependency section */

/* Begin XCBuildConfiguration section */
		A37C72F22C73575900F3B214 /* Debug */ = {
			isa = XCBuildConfiguration;
			buildSettings = {
				ALWAYS_SEARCH_USER_PATHS = NO;
				ASSETCATALOG_COMPILER_GENERATE_SWIFT_ASSET_SYMBOL_EXTENSIONS = YES;
				CLANG_ANALYZER_NONNULL = YES;
				CLANG_ANALYZER_NUMBER_OBJECT_CONVERSION = YES_AGGRESSIVE;
				CLANG_CXX_LANGUAGE_STANDARD = "gnu++20";
				CLANG_ENABLE_MODULES = YES;
				CLANG_ENABLE_OBJC_ARC = YES;
				CLANG_ENABLE_OBJC_WEAK = YES;
				CLANG_WARN_BLOCK_CAPTURE_AUTORELEASING = YES;
				CLANG_WARN_BOOL_CONVERSION = YES;
				CLANG_WARN_COMMA = YES;
				CLANG_WARN_CONSTANT_CONVERSION = YES;
				CLANG_WARN_DEPRECATED_OBJC_IMPLEMENTATIONS = YES;
				CLANG_WARN_DIRECT_OBJC_ISA_USAGE = YES_ERROR;
				CLANG_WARN_DOCUMENTATION_COMMENTS = YES;
				CLANG_WARN_EMPTY_BODY = YES;
				CLANG_WARN_ENUM_CONVERSION = YES;
				CLANG_WARN_INFINITE_RECURSION = YES;
				CLANG_WARN_INT_CONVERSION = YES;
				CLANG_WARN_NON_LITERAL_NULL_CONVERSION = YES;
				CLANG_WARN_OBJC_IMPLICIT_RETAIN_SELF = YES;
				CLANG_WARN_OBJC_LITERAL_CONVERSION = YES;
				CLANG_WARN_OBJC_ROOT_CLASS = YES_ERROR;
				CLANG_WARN_QUOTED_INCLUDE_IN_FRAMEWORK_HEADER = YES;
				CLANG_WARN_RANGE_LOOP_ANALYSIS = YES;
				CLANG_WARN_STRICT_PROTOTYPES = YES;
				CLANG_WARN_SUSPICIOUS_MOVE = YES;
				CLANG_WARN_UNGUARDED_AVAILABILITY = YES_AGGRESSIVE;
				CLANG_WARN_UNREACHABLE_CODE = YES;
				CLANG_WARN__DUPLICATE_METHOD_MATCH = YES;
				COPY_PHASE_STRIP = NO;
				DEBUG_INFORMATION_FORMAT = dwarf;
				ENABLE_STRICT_OBJC_MSGSEND = YES;
				ENABLE_TESTABILITY = YES;
				ENABLE_USER_SCRIPT_SANDBOXING = YES;
				GCC_C_LANGUAGE_STANDARD = gnu17;
				GCC_DYNAMIC_NO_PIC = NO;
				GCC_NO_COMMON_BLOCKS = YES;
				GCC_OPTIMIZATION_LEVEL = 0;
				GCC_PREPROCESSOR_DEFINITIONS = (
					"DEBUG=1",
					"$(inherited)",
				);
				GCC_WARN_64_TO_32_BIT_CONVERSION = YES;
				GCC_WARN_ABOUT_RETURN_TYPE = YES_ERROR;
				GCC_WARN_UNDECLARED_SELECTOR = YES;
				GCC_WARN_UNINITIALIZED_AUTOS = YES_AGGRESSIVE;
				GCC_WARN_UNUSED_FUNCTION = YES;
				GCC_WARN_UNUSED_VARIABLE = YES;
				IPHONEOS_DEPLOYMENT_TARGET = 17.4;
				LOCALIZATION_PREFERS_STRING_CATALOGS = YES;
				MTL_ENABLE_DEBUG_INFO = INCLUDE_SOURCE;
				MTL_FAST_MATH = YES;
				ONLY_ACTIVE_ARCH = YES;
				SDKROOT = iphoneos;
				SWIFT_ACTIVE_COMPILATION_CONDITIONS = "DEBUG $(inherited)";
				SWIFT_OPTIMIZATION_LEVEL = "-Onone";
			};
			name = Debug;
		};
		A37C72F32C73575900F3B214 /* Release */ = {
			isa = XCBuildConfiguration;
			buildSettings = {
				ALWAYS_SEARCH_USER_PATHS = NO;
				ASSETCATALOG_COMPILER_GENERATE_SWIFT_ASSET_SYMBOL_EXTENSIONS = YES;
				CLANG_ANALYZER_NONNULL = YES;
				CLANG_ANALYZER_NUMBER_OBJECT_CONVERSION = YES_AGGRESSIVE;
				CLANG_CXX_LANGUAGE_STANDARD = "gnu++20";
				CLANG_ENABLE_MODULES = YES;
				CLANG_ENABLE_OBJC_ARC = YES;
				CLANG_ENABLE_OBJC_WEAK = YES;
				CLANG_WARN_BLOCK_CAPTURE_AUTORELEASING = YES;
				CLANG_WARN_BOOL_CONVERSION = YES;
				CLANG_WARN_COMMA = YES;
				CLANG_WARN_CONSTANT_CONVERSION = YES;
				CLANG_WARN_DEPRECATED_OBJC_IMPLEMENTATIONS = YES;
				CLANG_WARN_DIRECT_OBJC_ISA_USAGE = YES_ERROR;
				CLANG_WARN_DOCUMENTATION_COMMENTS = YES;
				CLANG_WARN_EMPTY_BODY = YES;
				CLANG_WARN_ENUM_CONVERSION = YES;
				CLANG_WARN_INFINITE_RECURSION = YES;
				CLANG_WARN_INT_CONVERSION = YES;
				CLANG_WARN_NON_LITERAL_NULL_CONVERSION = YES;
				CLANG_WARN_OBJC_IMPLICIT_RETAIN_SELF = YES;
				CLANG_WARN_OBJC_LITERAL_CONVERSION = YES;
				CLANG_WARN_OBJC_ROOT_CLASS = YES_ERROR;
				CLANG_WARN_QUOTED_INCLUDE_IN_FRAMEWORK_HEADER = YES;
				CLANG_WARN_RANGE_LOOP_ANALYSIS = YES;
				CLANG_WARN_STRICT_PROTOTYPES = YES;
				CLANG_WARN_SUSPICIOUS_MOVE = YES;
				CLANG_WARN_UNGUARDED_AVAILABILITY = YES_AGGRESSIVE;
				CLANG_WARN_UNREACHABLE_CODE = YES;
				CLANG_WARN__DUPLICATE_METHOD_MATCH = YES;
				COPY_PHASE_STRIP = NO;
				DEBUG_INFORMATION_FORMAT = "dwarf-with-dsym";
				ENABLE_NS_ASSERTIONS = NO;
				ENABLE_STRICT_OBJC_MSGSEND = YES;
				ENABLE_USER_SCRIPT_SANDBOXING = YES;
				GCC_C_LANGUAGE_STANDARD = gnu17;
				GCC_NO_COMMON_BLOCKS = YES;
				GCC_WARN_64_TO_32_BIT_CONVERSION = YES;
				GCC_WARN_ABOUT_RETURN_TYPE = YES_ERROR;
				GCC_WARN_UNDECLARED_SELECTOR = YES;
				GCC_WARN_UNINITIALIZED_AUTOS = YES_AGGRESSIVE;
				GCC_WARN_UNUSED_FUNCTION = YES;
				GCC_WARN_UNUSED_VARIABLE = YES;
				IPHONEOS_DEPLOYMENT_TARGET = 17.4;
				LOCALIZATION_PREFERS_STRING_CATALOGS = YES;
				MTL_ENABLE_DEBUG_INFO = NO;
				MTL_FAST_MATH = YES;
				SDKROOT = iphoneos;
				SWIFT_COMPILATION_MODE = wholemodule;
				VALIDATE_PRODUCT = YES;
			};
			name = Release;
		};
		A37C72F52C73575900F3B214 /* Debug */ = {
			isa = XCBuildConfiguration;
			buildSettings = {
				ASSETCATALOG_COMPILER_APPICON_NAME = AppIcon;
				ASSETCATALOG_COMPILER_GLOBAL_ACCENT_COLOR_NAME = AccentColor;
				CODE_SIGN_STYLE = Automatic;
				CURRENT_PROJECT_VERSION = 1;
				DEVELOPMENT_ASSET_PATHS = "\"Pokemon/Preview Content\"";
				ENABLE_PREVIEWS = YES;
				GENERATE_INFOPLIST_FILE = YES;
				INFOPLIST_KEY_UIApplicationSceneManifest_Generation = YES;
				INFOPLIST_KEY_UIApplicationSupportsIndirectInputEvents = YES;
				INFOPLIST_KEY_UILaunchScreen_Generation = YES;
				INFOPLIST_KEY_UISupportedInterfaceOrientations_iPad = "UIInterfaceOrientationPortrait UIInterfaceOrientationPortraitUpsideDown UIInterfaceOrientationLandscapeLeft UIInterfaceOrientationLandscapeRight";
				INFOPLIST_KEY_UISupportedInterfaceOrientations_iPhone = "UIInterfaceOrientationPortrait UIInterfaceOrientationLandscapeLeft UIInterfaceOrientationLandscapeRight";
				LD_RUNPATH_SEARCH_PATHS = (
					"$(inherited)",
					"@executable_path/Frameworks",
				);
				MARKETING_VERSION = 1.0;
				PRODUCT_BUNDLE_IDENTIFIER = com.norman.pokemon.Pokemon;
				PRODUCT_NAME = "$(TARGET_NAME)";
				SWIFT_EMIT_LOC_STRINGS = YES;
				SWIFT_VERSION = 5.0;
				TARGETED_DEVICE_FAMILY = "1,2";
			};
			name = Debug;
		};
		A37C72F62C73575900F3B214 /* Release */ = {
			isa = XCBuildConfiguration;
			buildSettings = {
				ASSETCATALOG_COMPILER_APPICON_NAME = AppIcon;
				ASSETCATALOG_COMPILER_GLOBAL_ACCENT_COLOR_NAME = AccentColor;
				CODE_SIGN_STYLE = Automatic;
				CURRENT_PROJECT_VERSION = 1;
				DEVELOPMENT_ASSET_PATHS = "\"Pokemon/Preview Content\"";
				ENABLE_PREVIEWS = YES;
				GENERATE_INFOPLIST_FILE = YES;
				INFOPLIST_KEY_UIApplicationSceneManifest_Generation = YES;
				INFOPLIST_KEY_UIApplicationSupportsIndirectInputEvents = YES;
				INFOPLIST_KEY_UILaunchScreen_Generation = YES;
				INFOPLIST_KEY_UISupportedInterfaceOrientations_iPad = "UIInterfaceOrientationPortrait UIInterfaceOrientationPortraitUpsideDown UIInterfaceOrientationLandscapeLeft UIInterfaceOrientationLandscapeRight";
				INFOPLIST_KEY_UISupportedInterfaceOrientations_iPhone = "UIInterfaceOrientationPortrait UIInterfaceOrientationLandscapeLeft UIInterfaceOrientationLandscapeRight";
				LD_RUNPATH_SEARCH_PATHS = (
					"$(inherited)",
					"@executable_path/Frameworks",
				);
				MARKETING_VERSION = 1.0;
				PRODUCT_BUNDLE_IDENTIFIER = com.norman.pokemon.Pokemon;
				PRODUCT_NAME = "$(TARGET_NAME)";
				SWIFT_EMIT_LOC_STRINGS = YES;
				SWIFT_VERSION = 5.0;
				TARGETED_DEVICE_FAMILY = "1,2";
			};
			name = Release;
		};
		A37C72F82C73575900F3B214 /* Debug */ = {
			isa = XCBuildConfiguration;
			buildSettings = {
				ALWAYS_EMBED_SWIFT_STANDARD_LIBRARIES = YES;
				BUNDLE_LOADER = "$(TEST_HOST)";
				CODE_SIGN_STYLE = Automatic;
				CURRENT_PROJECT_VERSION = 1;
				GENERATE_INFOPLIST_FILE = YES;
				IPHONEOS_DEPLOYMENT_TARGET = 17.4;
				MARKETING_VERSION = 1.0;
				PRODUCT_BUNDLE_IDENTIFIER = com.norman.pokemon.PokemonTests;
				PRODUCT_NAME = "$(TARGET_NAME)";
				SWIFT_EMIT_LOC_STRINGS = NO;
				SWIFT_VERSION = 5.0;
				TARGETED_DEVICE_FAMILY = "1,2";
				TEST_HOST = "$(BUILT_PRODUCTS_DIR)/Pokemon.app/$(BUNDLE_EXECUTABLE_FOLDER_PATH)/Pokemon";
			};
			name = Debug;
		};
		A37C72F92C73575900F3B214 /* Release */ = {
			isa = XCBuildConfiguration;
			buildSettings = {
				ALWAYS_EMBED_SWIFT_STANDARD_LIBRARIES = YES;
				BUNDLE_LOADER = "$(TEST_HOST)";
				CODE_SIGN_STYLE = Automatic;
				CURRENT_PROJECT_VERSION = 1;
				GENERATE_INFOPLIST_FILE = YES;
				IPHONEOS_DEPLOYMENT_TARGET = 17.4;
				MARKETING_VERSION = 1.0;
				PRODUCT_BUNDLE_IDENTIFIER = com.norman.pokemon.PokemonTests;
				PRODUCT_NAME = "$(TARGET_NAME)";
				SWIFT_EMIT_LOC_STRINGS = NO;
				SWIFT_VERSION = 5.0;
				TARGETED_DEVICE_FAMILY = "1,2";
				TEST_HOST = "$(BUILT_PRODUCTS_DIR)/Pokemon.app/$(BUNDLE_EXECUTABLE_FOLDER_PATH)/Pokemon";
			};
			name = Release;
		};
		A37C72FB2C73575900F3B214 /* Debug */ = {
			isa = XCBuildConfiguration;
			buildSettings = {
				ALWAYS_EMBED_SWIFT_STANDARD_LIBRARIES = YES;
				CODE_SIGN_STYLE = Automatic;
				CURRENT_PROJECT_VERSION = 1;
				GENERATE_INFOPLIST_FILE = YES;
				MARKETING_VERSION = 1.0;
				PRODUCT_BUNDLE_IDENTIFIER = com.norman.pokemon.PokemonUITests;
				PRODUCT_NAME = "$(TARGET_NAME)";
				SWIFT_EMIT_LOC_STRINGS = NO;
				SWIFT_VERSION = 5.0;
				TARGETED_DEVICE_FAMILY = "1,2";
				TEST_TARGET_NAME = Pokemon;
			};
			name = Debug;
		};
		A37C72FC2C73575900F3B214 /* Release */ = {
			isa = XCBuildConfiguration;
			buildSettings = {
				ALWAYS_EMBED_SWIFT_STANDARD_LIBRARIES = YES;
				CODE_SIGN_STYLE = Automatic;
				CURRENT_PROJECT_VERSION = 1;
				GENERATE_INFOPLIST_FILE = YES;
				MARKETING_VERSION = 1.0;
				PRODUCT_BUNDLE_IDENTIFIER = com.norman.pokemon.PokemonUITests;
				PRODUCT_NAME = "$(TARGET_NAME)";
				SWIFT_EMIT_LOC_STRINGS = NO;
				SWIFT_VERSION = 5.0;
				TARGETED_DEVICE_FAMILY = "1,2";
				TEST_TARGET_NAME = Pokemon;
			};
			name = Release;
		};
/* End XCBuildConfiguration section */

/* Begin XCConfigurationList section */
		A37C72CB2C73575800F3B214 /* Build configuration list for PBXProject "Pokemon" */ = {
			isa = XCConfigurationList;
			buildConfigurations = (
				A37C72F22C73575900F3B214 /* Debug */,
				A37C72F32C73575900F3B214 /* Release */,
			);
			defaultConfigurationIsVisible = 0;
			defaultConfigurationName = Release;
		};
		A37C72F42C73575900F3B214 /* Build configuration list for PBXNativeTarget "Pokemon" */ = {
			isa = XCConfigurationList;
			buildConfigurations = (
				A37C72F52C73575900F3B214 /* Debug */,
				A37C72F62C73575900F3B214 /* Release */,
			);
			defaultConfigurationIsVisible = 0;
			defaultConfigurationName = Release;
		};
		A37C72F72C73575900F3B214 /* Build configuration list for PBXNativeTarget "PokemonTests" */ = {
			isa = XCConfigurationList;
			buildConfigurations = (
				A37C72F82C73575900F3B214 /* Debug */,
				A37C72F92C73575900F3B214 /* Release */,
			);
			defaultConfigurationIsVisible = 0;
			defaultConfigurationName = Release;
		};
		A37C72FA2C73575900F3B214 /* Build configuration list for PBXNativeTarget "PokemonUITests" */ = {
			isa = XCConfigurationList;
			buildConfigurations = (
				A37C72FB2C73575900F3B214 /* Debug */,
				A37C72FC2C73575900F3B214 /* Release */,
			);
			defaultConfigurationIsVisible = 0;
			defaultConfigurationName = Release;
		};
/* End XCConfigurationList section */

/* Begin XCSwiftPackageProductDependency section */
		A37C733B2C73E48D00F3B214 /* NetworkService */ = {
			isa = XCSwiftPackageProductDependency;
			productName = NetworkService;
		};
/* End XCSwiftPackageProductDependency section */
	};
	rootObject = A37C72C82C73575800F3B214 /* Project object */;
}
